<?xml version="1.0" encoding="UTF-8" standalone="yes" ?>
<CodeBlocks_project_file>
	<FileVersion major="1" minor="6" />
	<Project>
		<Option title="REKTgine" />
		<Option pch_mode="2" />
		<Option compiler="gcc" />
		<Build>
			<Target title="Debug">
				<Option output="bin/Debug/REKTgine" prefix_auto="1" extension_auto="1" />
				<Option object_output="obj/Debug/" />
				<Option type="1" />
				<Option compiler="gcc" />
				<Compiler>
					<Add option="-g" />
					<Add directory="include" />
				</Compiler>
				<Linker>
					<Add library="opengl32" />
					<Add library="glew32" />
					<Add library="SDL2main" />
					<Add library="SDL2" />
					<Add library="SDL2_image" />
					<Add directory="../../../Program Files (x86)/CodeBlocks/MinGW/SDL-2.0/dll" />
				</Linker>
			</Target>
			<Target title="Release">
				<Option output="bin/Release/REKTgine" prefix_auto="1" extension_auto="1" />
				<Option object_output="obj/Release/" />
				<Option type="0" />
				<Option compiler="gcc" />
				<Compiler>
					<Add option="-O2" />
				</Compiler>
				<Linker>
					<Add option="-s" />
				</Linker>
			</Target>
		</Build>
		<Compiler>
			<Add option="-std=c++11" />
			<Add option="-Wall" />
			<Add directory="C:/Program Files (x86)/CodeBlocks/MinGW/SDL-2.0/include/SDL2" />
			<Add directory="C:/Program Files (x86)/CodeBlocks/MinGW/SDL-2.0/include" />
		</Compiler>
		<Linker>
			<Add library="mingw32" />
			<Add library="SDL2main" />
			<Add library="SDL2.dll" />
			<Add directory="C:/Program Files (x86)/CodeBlocks/MinGW/SDL-2.0/lib" />
		</Linker>
		<Unit filename="Shaders/blinnPhong.frag" />
		<Unit filename="Shaders/blinnPhong.vert" />
		<Unit filename="Shaders/couleur3D.frag" />
		<Unit filename="Shaders/couleur3D.vert" />
		<Unit filename="Shaders/default.vert" />
		<Unit filename="Shaders/light.frag" />
		<Unit filename="Shaders/light.vert" />
		<Unit filename="Shaders/texture.frag" />
		<Unit filename="Shaders/texture.vert" />
		<Unit filename="include/BaseMaterial.h" />
		<Unit filename="include/Camera.h" />
		<Unit filename="include/Crate.h" />
		<Unit filename="include/Cube.h" />
		<Unit filename="include/Hitable.h" />
		<Unit filename="include/HitableList.h" />
		<Unit filename="include/Input.h" />
		<Unit filename="include/Light.h" />
		<Unit filename="include/Material_RT.h" />
		<Unit filename="include/Mesh.h" />
		<Unit filename="include/ObjLoader.h" />
		<Unit filename="include/Object3D.h" />
		<Unit filename="include/Ray.h" />
		<Unit filename="include/SceneOpenGL.h" />
		<Unit filename="include/Shader.h" />
		<Unit filename="include/Texture.h" />
		<Unit filename="include/Vector3.h" />
		<Unit filename="include/rt_Camera.h" />
		<Unit filename="include/rt_Sphere.h" />
		<Unit filename="main.cpp" />
		<Unit filename="src/BaseMaterial.cpp" />
		<Unit filename="src/Camera.cpp" />
		<Unit filename="src/Crate.cpp" />
		<Unit filename="src/Cube.cpp" />
		<Unit filename="src/Input.cpp" />
		<Unit filename="src/Light.cpp" />
		<Unit filename="src/Mesh.cpp" />
		<Unit filename="src/ObjLoader.cpp" />
		<Unit filename="src/Object3D.cpp" />
		<Unit filename="src/Ray.cpp" />
		<Unit filename="src/SceneOpenGL.cpp" />
		<Unit filename="src/Shader.cpp" />
		<Unit filename="src/Texture.cpp" />
		<Unit filename="src/Vector3.cpp" />
		<Extensions>
			<code_completion />
			<envvars />
			<debugger />
			<lib_finder disable_auto="1" />
		</Extensions>
	</Project>
</CodeBlocks_project_file>
