<?xml version="1.0" encoding="UTF-8" standalone="yes" ?>
<CodeBlocks_project_file>
	<FileVersion major="1" minor="6" />
	<Project>
		<Option title="REKTgine" />
		<Option pch_mode="2" />
		<Option compiler="gcc" />
		<Build>
			<Target title="Debug">
				<Option output="bin/Debug/REKTgine" prefix_auto="1" extension_auto="1" />
				<Option object_output="obj/Debug/" />
				<Option type="1" />
				<Option compiler="gcc" />
				<Compiler>
					<Add option="-g" />
					<Add directory="include" />
					<Add directory="include/Geometry" />
				</Compiler>
				<Linker>
					<Add library="glew32" />
					<Add library="SDL2main" />
					<Add library="SDL2" />
					<Add library="SDL2_image" />
				</Linker>
			</Target>
			<Target title="Release">
				<Option output="bin/Release/REKTgine" prefix_auto="1" extension_auto="1" />
				<Option object_output="obj/Release/" />
				<Option type="0" />
				<Option compiler="gcc" />
				<Compiler>
					<Add option="-O2" />
					<Add directory="include" />
					<Add directory="include/Geometry" />
				</Compiler>
				<Linker>
					<Add option="-s" />
				</Linker>
			</Target>
		</Build>
		<Compiler>
			<Add option="-Wall" />
			<Add option="-std=c++11" />
			<Add directory="Dependencies/include/SDL2" />
			<Add directory="Dependencies/include" />
			<Add directory="include" />
		</Compiler>
		<Linker>
			<Add library="mingw32" />
			<Add library="SDL2main" />
			<Add library="SDL2.dll" />
			<Add library="opengl32" />
			<Add directory="Dependencies/lib" />
			<Add directory="Dependencies/dll" />
		</Linker>
		<Unit filename="Shaders/PostEffects/blur.frag" />
		<Unit filename="Shaders/PostEffects/edgeDetection.frag" />
		<Unit filename="Shaders/PostEffects/framebuffer.frag" />
		<Unit filename="Shaders/PostEffects/framebuffer.vert" />
		<Unit filename="Shaders/PostEffects/grayscale.frag" />
		<Unit filename="Shaders/PostEffects/inverseColor.frag" />
		<Unit filename="Shaders/couleur3D.frag" />
		<Unit filename="Shaders/couleur3D.vert" />
		<Unit filename="Shaders/default.frag" />
		<Unit filename="Shaders/default.vert" />
		<Unit filename="Shaders/environment.frag" />
		<Unit filename="Shaders/environment.vert" />
		<Unit filename="Shaders/phong.frag" />
		<Unit filename="Shaders/phong.vert" />
		<Unit filename="Shaders/skybox.frag" />
		<Unit filename="Shaders/skybox.vert" />
		<Unit filename="Shaders/texture.frag" />
		<Unit filename="Shaders/texture.vert" />
		<Unit filename="TODO.txt" />
		<Unit filename="include/Billboard.hpp" />
		<Unit filename="include/Camera.h" />
		<Unit filename="include/Context.hpp" />
		<Unit filename="include/Cubemap.hpp" />
		<Unit filename="include/Exercices.h" />
		<Unit filename="include/Framebuffer.hpp" />
		<Unit filename="include/Geometry/CubeGeometry.h" />
		<Unit filename="include/Geometry/Geometry.h" />
		<Unit filename="include/Geometry/PlaneGeometry.hpp" />
		<Unit filename="include/Geometry/SpriteGeometry.hpp" />
		<Unit filename="include/Hitable.h" />
		<Unit filename="include/HitableList.h" />
		<Unit filename="include/Input.h" />
		<Unit filename="include/Lights/DirectionalLight.h" />
		<Unit filename="include/Lights/Light.h" />
		<Unit filename="include/Lights/PointLight.h" />
		<Unit filename="include/Lights/Spotlight.h" />
		<Unit filename="include/MTLLoader.hpp" />
		<Unit filename="include/MaterialParamaters.hpp" />
		<Unit filename="include/Material_RT.h" />
		<Unit filename="include/Materials/BaseMaterial.hpp" />
		<Unit filename="include/Materials/PhongMaterial.h" />
		<Unit filename="include/Mesh.hpp" />
		<Unit filename="include/ObjLoader.hpp" />
		<Unit filename="include/Object3D.h" />
		<Unit filename="include/Ray.h" />
		<Unit filename="include/Scene.h" />
		<Unit filename="include/Screen.hpp" />
		<Unit filename="include/Shader.h" />
		<Unit filename="include/Sprite.hpp" />
		<Unit filename="include/Texture.h" />
		<Unit filename="include/Vector3.h" />
		<Unit filename="include/rt_Camera.h" />
		<Unit filename="include/rt_Sphere.h" />
		<Unit filename="include/stb_image.h" />
		<Unit filename="main.cpp" />
		<Unit filename="src/Billboard.cpp" />
		<Unit filename="src/Camera.cpp" />
		<Unit filename="src/Context.cpp" />
		<Unit filename="src/Cubemap.cpp" />
		<Unit filename="src/Exercices.cpp" />
		<Unit filename="src/Framebuffer.cpp" />
		<Unit filename="src/Geometry/CubeGeometry.cpp" />
		<Unit filename="src/Geometry/Geometry.cpp" />
		<Unit filename="src/Geometry/PlaneGeometry.cpp" />
		<Unit filename="src/Geometry/SpriteGeometry.cpp" />
		<Unit filename="src/Input.cpp" />
		<Unit filename="src/Lights/DirectionalLight.cpp" />
		<Unit filename="src/Lights/Light.cpp" />
		<Unit filename="src/Lights/PointLight.cpp" />
		<Unit filename="src/Lights/Spotlight.cpp" />
		<Unit filename="src/MTLLoader.cpp" />
		<Unit filename="src/Materials/BaseMaterial.cpp" />
		<Unit filename="src/Materials/PhongMaterial.cpp" />
		<Unit filename="src/Mesh.cpp" />
		<Unit filename="src/ObjLoader.cpp" />
		<Unit filename="src/Object3D.cpp" />
		<Unit filename="src/Ray.cpp" />
		<Unit filename="src/Scene.cpp" />
		<Unit filename="src/Screen.cpp" />
		<Unit filename="src/Shader.cpp" />
		<Unit filename="src/Sprite.cpp" />
		<Unit filename="src/Texture.cpp" />
		<Unit filename="src/Vector3.cpp" />
		<Unit filename="src/stb_image.cpp" />
		<Extensions>
			<code_completion />
			<envvars />
			<debugger />
			<lib_finder disable_auto="1" />
		</Extensions>
	</Project>
</CodeBlocks_project_file>
